
Microsoft Visual Studio Solution File, Format Version 12.00
# Visual Studio Version 16
VisualStudioVersion = 16.0.30621.155
MinimumVisualStudioVersion = 10.0.40219.1
Project("{FAE04EC0-301F-11D3-BF4B-00C04F79EFBC}") = "BasicClassesExercise", "BasicClassesExercise.csproj", "{410EB312-7AFB-44E5-997B-53F7B6FE590D}"
EndProject
Global
	GlobalSection(SolutionConfigurationPlatforms) = preSolution
		Debug|Any CPU = Debug|Any CPU
		Release|Any CPU = Release|Any CPU
	EndGlobalSection
	GlobalSection(ProjectConfigurationPlatforms) = postSolution
		{410EB312-7AFB-44E5-997B-53F7B6FE590D}.Debug|Any CPU.ActiveCfg = Debug|Any CPU
		{410EB312-7AFB-44E5-997B-53F7B6FE590D}.Debug|Any CPU.Build.0 = Debug|Any CPU
		{410EB312-7AFB-44E5-997B-53F7B6FE590D}.Release|Any CPU.ActiveCfg = Release|Any CPU
		{410EB312-7AFB-44E5-997B-53F7B6FE590D}.Release|Any CPU.Build.0 = Release|Any CPU
	EndGlobalSection
	GlobalSection(SolutionProperties) = preSolution
		HideSolutionNode = FALSE
	EndGlobalSection
	GlobalSection(ExtensibilityGlobals) = postSolution
		SolutionGuid = {A0C95E9B-1C99-461E-B725-B407C27CF645}
	EndGlobalSection
EndGlobal
